
Microsoft Visual Studio Solution File, Format Version 12.00
# Visual Studio Version 16
VisualStudioVersion = 16.0.810.8
MinimumVisualStudioVersion = 10.0.40219.1
Project("{FAE04EC0-301F-11D3-BF4B-00C04F79EFBC}") = "TheMovieDBTT.Android", "TheMovieDBTT.Android\TheMovieDBTT.Android.csproj", "{0D0B6023-CAA0-4A61-A0F8-389D3C9821DB}"
EndProject
Project("{FAE04EC0-301F-11D3-BF4B-00C04F79EFBC}") = "TheMovieDBTT.iOS", "TheMovieDBTT.iOS\TheMovieDBTT.iOS.csproj", "{5D9F51D7-70D1-4E81-8D7F-D2FCBA9D40EC}"
EndProject
Project("{FAE04EC0-301F-11D3-BF4B-00C04F79EFBC}") = "TheMovieDBTT", "TheMovieDBTT\TheMovieDBTT.csproj", "{6D24BBE8-582F-488D-A941-6E1811898137}"
EndProject
Global
	GlobalSection(SolutionConfigurationPlatforms) = preSolution
		Debug|Any CPU = Debug|Any CPU
		Release|Any CPU = Release|Any CPU
		Debug|iPhoneSimulator = Debug|iPhoneSimulator
		Release|iPhoneSimulator = Release|iPhoneSimulator
		Debug|iPhone = Debug|iPhone
		Release|iPhone = Release|iPhone
	EndGlobalSection
	GlobalSection(ProjectConfigurationPlatforms) = postSolution
		{0D0B6023-CAA0-4A61-A0F8-389D3C9821DB}.Debug|Any CPU.ActiveCfg = Debug|Any CPU
		{0D0B6023-CAA0-4A61-A0F8-389D3C9821DB}.Debug|Any CPU.Build.0 = Debug|Any CPU
		{0D0B6023-CAA0-4A61-A0F8-389D3C9821DB}.Release|Any CPU.ActiveCfg = Release|Any CPU
		{0D0B6023-CAA0-4A61-A0F8-389D3C9821DB}.Release|Any CPU.Build.0 = Release|Any CPU
		{0D0B6023-CAA0-4A61-A0F8-389D3C9821DB}.Debug|iPhoneSimulator.ActiveCfg = Debug|Any CPU
		{0D0B6023-CAA0-4A61-A0F8-389D3C9821DB}.Debug|iPhoneSimulator.Build.0 = Debug|Any CPU
		{0D0B6023-CAA0-4A61-A0F8-389D3C9821DB}.Release|iPhoneSimulator.ActiveCfg = Release|Any CPU
		{0D0B6023-CAA0-4A61-A0F8-389D3C9821DB}.Release|iPhoneSimulator.Build.0 = Release|Any CPU
		{0D0B6023-CAA0-4A61-A0F8-389D3C9821DB}.Debug|iPhone.ActiveCfg = Debug|Any CPU
		{0D0B6023-CAA0-4A61-A0F8-389D3C9821DB}.Debug|iPhone.Build.0 = Debug|Any CPU
		{0D0B6023-CAA0-4A61-A0F8-389D3C9821DB}.Release|iPhone.ActiveCfg = Release|Any CPU
		{0D0B6023-CAA0-4A61-A0F8-389D3C9821DB}.Release|iPhone.Build.0 = Release|Any CPU
		{5D9F51D7-70D1-4E81-8D7F-D2FCBA9D40EC}.Debug|Any CPU.ActiveCfg = Debug|iPhoneSimulator
		{5D9F51D7-70D1-4E81-8D7F-D2FCBA9D40EC}.Debug|Any CPU.Build.0 = Debug|iPhoneSimulator
		{5D9F51D7-70D1-4E81-8D7F-D2FCBA9D40EC}.Release|Any CPU.ActiveCfg = Release|iPhoneSimulator
		{5D9F51D7-70D1-4E81-8D7F-D2FCBA9D40EC}.Release|Any CPU.Build.0 = Release|iPhoneSimulator
		{5D9F51D7-70D1-4E81-8D7F-D2FCBA9D40EC}.Debug|iPhoneSimulator.ActiveCfg = Debug|iPhoneSimulator
		{5D9F51D7-70D1-4E81-8D7F-D2FCBA9D40EC}.Debug|iPhoneSimulator.Build.0 = Debug|iPhoneSimulator
		{5D9F51D7-70D1-4E81-8D7F-D2FCBA9D40EC}.Release|iPhoneSimulator.ActiveCfg = Release|iPhoneSimulator
		{5D9F51D7-70D1-4E81-8D7F-D2FCBA9D40EC}.Release|iPhoneSimulator.Build.0 = Release|iPhoneSimulator
		{5D9F51D7-70D1-4E81-8D7F-D2FCBA9D40EC}.Debug|iPhone.ActiveCfg = Debug|iPhone
		{5D9F51D7-70D1-4E81-8D7F-D2FCBA9D40EC}.Debug|iPhone.Build.0 = Debug|iPhone
		{5D9F51D7-70D1-4E81-8D7F-D2FCBA9D40EC}.Release|iPhone.ActiveCfg = Release|iPhone
		{5D9F51D7-70D1-4E81-8D7F-D2FCBA9D40EC}.Release|iPhone.Build.0 = Release|iPhone
		{6D24BBE8-582F-488D-A941-6E1811898137}.Debug|Any CPU.ActiveCfg = Debug|Any CPU
		{6D24BBE8-582F-488D-A941-6E1811898137}.Debug|Any CPU.Build.0 = Debug|Any CPU
		{6D24BBE8-582F-488D-A941-6E1811898137}.Release|Any CPU.ActiveCfg = Release|Any CPU
		{6D24BBE8-582F-488D-A941-6E1811898137}.Release|Any CPU.Build.0 = Release|Any CPU
		{6D24BBE8-582F-488D-A941-6E1811898137}.Debug|iPhoneSimulator.ActiveCfg = Debug|Any CPU
		{6D24BBE8-582F-488D-A941-6E1811898137}.Debug|iPhoneSimulator.Build.0 = Debug|Any CPU
		{6D24BBE8-582F-488D-A941-6E1811898137}.Release|iPhoneSimulator.ActiveCfg = Release|Any CPU
		{6D24BBE8-582F-488D-A941-6E1811898137}.Release|iPhoneSimulator.Build.0 = Release|Any CPU
		{6D24BBE8-582F-488D-A941-6E1811898137}.Debug|iPhone.ActiveCfg = Debug|Any CPU
		{6D24BBE8-582F-488D-A941-6E1811898137}.Debug|iPhone.Build.0 = Debug|Any CPU
		{6D24BBE8-582F-488D-A941-6E1811898137}.Release|iPhone.ActiveCfg = Release|Any CPU
		{6D24BBE8-582F-488D-A941-6E1811898137}.Release|iPhone.Build.0 = Release|Any CPU
	EndGlobalSection
	GlobalSection(SolutionProperties) = preSolution
		HideSolutionNode = FALSE
	EndGlobalSection
	GlobalSection(ExtensibilityGlobals) = postSolution
		SolutionGuid = {B133C672-6222-486D-9641-48A83678E9DD}
	EndGlobalSection
EndGlobal
